
Microsoft Visual Studio Solution File, Format Version 12.00
# Visual Studio Version 17
VisualStudioVersion = 17.10.35122.118
MinimumVisualStudioVersion = 10.0.40219.1
Project("{9A19103F-16F7-4668-BE54-9A1E7A4F7556}") = "BrainfuckInterpreter", "BrainfuckInterpreter\BrainfuckInterpreter.csproj", "{F2D86FA7-689D-4463-B437-358FF2E2C66B}"
EndProject
Project("{FAE04EC0-301F-11D3-BF4B-00C04F79EFBC}") = "BrainfuckInterpreterTest", "BrainfuckInterpreterTest\BrainfuckInterpreterTest.csproj", "{AB897948-EC61-437E-9F73-55570F0F890C}"
EndProject
Global
	GlobalSection(SolutionConfigurationPlatforms) = preSolution
		Debug|Any CPU = Debug|Any CPU
		Release|Any CPU = Release|Any CPU
	EndGlobalSection
	GlobalSection(ProjectConfigurationPlatforms) = postSolution
		{F2D86FA7-689D-4463-B437-358FF2E2C66B}.Debug|Any CPU.ActiveCfg = Debug|Any CPU
		{F2D86FA7-689D-4463-B437-358FF2E2C66B}.Debug|Any CPU.Build.0 = Debug|Any CPU
		{F2D86FA7-689D-4463-B437-358FF2E2C66B}.Release|Any CPU.ActiveCfg = Release|Any CPU
		{F2D86FA7-689D-4463-B437-358FF2E2C66B}.Release|Any CPU.Build.0 = Release|Any CPU
		{AB897948-EC61-437E-9F73-55570F0F890C}.Debug|Any CPU.ActiveCfg = Debug|Any CPU
		{AB897948-EC61-437E-9F73-55570F0F890C}.Debug|Any CPU.Build.0 = Debug|Any CPU
		{AB897948-EC61-437E-9F73-55570F0F890C}.Release|Any CPU.ActiveCfg = Release|Any CPU
		{AB897948-EC61-437E-9F73-55570F0F890C}.Release|Any CPU.Build.0 = Release|Any CPU
	EndGlobalSection
	GlobalSection(SolutionProperties) = preSolution
		HideSolutionNode = FALSE
	EndGlobalSection
	GlobalSection(ExtensibilityGlobals) = postSolution
		SolutionGuid = {C431D64A-3B59-4618-9AC3-496459FD9E8E}
	EndGlobalSection
EndGlobal
