
Microsoft Visual Studio Solution File, Format Version 12.00
# Visual Studio Version 17
VisualStudioVersion = 17.10.35122.118
MinimumVisualStudioVersion = 10.0.40219.1
Project("{FAE04EC0-301F-11D3-BF4B-00C04F79EFBC}") = "CliParser", "CliParser\CliParser.csproj", "{8D17544A-F35F-40BF-AD94-2DEC92245EE1}"
EndProject
Project("{FAE04EC0-301F-11D3-BF4B-00C04F79EFBC}") = "CliParserTest", "CliParserTest\CliParserTest.csproj", "{C1D050C5-A8F2-4015-82FD-BEFB8719DB45}"
EndProject
Global
	GlobalSection(SolutionConfigurationPlatforms) = preSolution
		Debug|Any CPU = Debug|Any CPU
		Release|Any CPU = Release|Any CPU
	EndGlobalSection
	GlobalSection(ProjectConfigurationPlatforms) = postSolution
		{8D17544A-F35F-40BF-AD94-2DEC92245EE1}.Debug|Any CPU.ActiveCfg = Debug|Any CPU
		{8D17544A-F35F-40BF-AD94-2DEC92245EE1}.Debug|Any CPU.Build.0 = Debug|Any CPU
		{8D17544A-F35F-40BF-AD94-2DEC92245EE1}.Release|Any CPU.ActiveCfg = Release|Any CPU
		{8D17544A-F35F-40BF-AD94-2DEC92245EE1}.Release|Any CPU.Build.0 = Release|Any CPU
		{C1D050C5-A8F2-4015-82FD-BEFB8719DB45}.Debug|Any CPU.ActiveCfg = Debug|Any CPU
		{C1D050C5-A8F2-4015-82FD-BEFB8719DB45}.Debug|Any CPU.Build.0 = Debug|Any CPU
		{C1D050C5-A8F2-4015-82FD-BEFB8719DB45}.Release|Any CPU.ActiveCfg = Release|Any CPU
		{C1D050C5-A8F2-4015-82FD-BEFB8719DB45}.Release|Any CPU.Build.0 = Release|Any CPU
	EndGlobalSection
	GlobalSection(SolutionProperties) = preSolution
		HideSolutionNode = FALSE
	EndGlobalSection
	GlobalSection(ExtensibilityGlobals) = postSolution
		SolutionGuid = {2E458171-D9D9-489F-97FE-A1B6780E273B}
	EndGlobalSection
EndGlobal
